
Microsoft Visual Studio Solution File, Format Version 12.00
# Visual Studio 15
VisualStudioVersion = 15.0.28010.2048
MinimumVisualStudioVersion = 10.0.40219.1
Project("{FAE04EC0-301F-11D3-BF4B-00C04F79EFBC}") = "Tracker", "src\Tracker\Tracker.csproj", "{BE674725-5EA6-4100-A839-AD44F2D386F9}"
EndProject
Global
	GlobalSection(SolutionConfigurationPlatforms) = preSolution
		Debug|Any CPU = Debug|Any CPU
		Release|Any CPU = Release|Any CPU
	EndGlobalSection
	GlobalSection(ProjectConfigurationPlatforms) = postSolution
		{BE674725-5EA6-4100-A839-AD44F2D386F9}.Debug|Any CPU.ActiveCfg = Debug|x64
		{BE674725-5EA6-4100-A839-AD44F2D386F9}.Debug|Any CPU.Build.0 = Debug|x64
		{BE674725-5EA6-4100-A839-AD44F2D386F9}.Release|Any CPU.ActiveCfg = Release|Any CPU
		{BE674725-5EA6-4100-A839-AD44F2D386F9}.Release|Any CPU.Build.0 = Release|Any CPU
	EndGlobalSection
	GlobalSection(SolutionProperties) = preSolution
		HideSolutionNode = FALSE
	EndGlobalSection
	GlobalSection(ExtensibilityGlobals) = postSolution
		SolutionGuid = {681AB434-FE95-4F9D-ABEB-B48C4512493F}
	EndGlobalSection
EndGlobal
//
